{
  "version": 4,
  "terraform_version": "0.12.0",
  "serial": 1,
  "lineage": "aa3c3900-1645-8cb3-1a74-807447350e69",
  "outputs": {},
  "resources": [
    {
      "mode": "managed",
      "type": "aws_instance",
      "name": "alan_testing",
      "provider": "provider.aws",
      "instances": [
        {
          "schema_version": 1,
          "attributes": {
            "ami": "ami-0a313d6098716f372",
            "arn": "arn:aws:ec2:us-east-1:683115138656:instance/i-05459e248323fb209",
            "associate_public_ip_address": true,
            "availability_zone": "us-east-1d",
            "cpu_core_count": 1,
            "cpu_threads_per_core": 1,
            "credit_specification": [
              {
                "cpu_credits": "standard"
              }
            ],
            "disable_api_termination": false,
            "ebs_block_device": [],
            "ebs_optimized": false,
            "ephemeral_block_device": [],
            "get_password_data": false,
            "host_id": null,
            "iam_instance_profile": "",
            "id": "i-05459e248323fb209",
            "instance_initiated_shutdown_behavior": null,
            "instance_state": "running",
            "instance_type": "t2.micro",
            "ipv6_address_count": 0,
            "ipv6_addresses": [],
            "key_name": "",
            "monitoring": false,
            "network_interface": [],
            "network_interface_id": null,
            "password_data": "",
            "placement_group": "",
            "primary_network_interface_id": "eni-025285e0ed516fa76",
            "private_dns": "ip-172-31-37-114.ec2.internal",
            "private_ip": "172.31.37.114",
            "public_dns": "ec2-34-203-195-128.compute-1.amazonaws.com",
            "public_ip": "34.203.195.128",
            "root_block_device": [
              {
                "delete_on_termination": true,
                "iops": 100,
                "volume_id": "vol-0a6d4b1bbaa7bc0e0",
                "volume_size": 8,
                "volume_type": "gp2"
              }
            ],
            "security_groups": [
              "default"
            ],
            "source_dest_check": true,
            "subnet_id": "subnet-9748b3cd",
            "tags": null,
            "tenancy": "default",
            "timeouts": null,
            "user_data": null,
            "user_data_base64": null,
            "volume_tags": {},
            "vpc_security_group_ids": [
              "sg-2d196a53"
            ]
          }
        }
      ]
    }
  ]
}
